// !$*UTF8*$!
{
	archiveVersion = 1;
	classes = {
	};
	objectVersion = 56;
	objects = {

/* Begin PBXBuildFile section */
		C3468B242BBCAAEE0032D1D4 /* ModulariOSLernApp_ProjektarbeitApp.swift in Sources */ = {isa = PBXBuildFile; fileRef = C3468B232BBCAAEE0032D1D4 /* ModulariOSLernApp_ProjektarbeitApp.swift */; };
		C3468B262BBCAAEE0032D1D4 /* ContentView.swift in Sources */ = {isa = PBXBuildFile; fileRef = C3468B252BBCAAEE0032D1D4 /* ContentView.swift */; };
		C3468B282BBCAAEF0032D1D4 /* Assets.xcassets in Resources */ = {isa = PBXBuildFile; fileRef = C3468B272BBCAAEF0032D1D4 /* Assets.xcassets */; };
		C3468B2B2BBCAAEF0032D1D4 /* Preview Assets.xcassets in Resources */ = {isa = PBXBuildFile; fileRef = C3468B2A2BBCAAEF0032D1D4 /* Preview Assets.xcassets */; };
		C3468B2D2BBCAAEF0032D1D4 /* Persistence.swift in Sources */ = {isa = PBXBuildFile; fileRef = C3468B2C2BBCAAEF0032D1D4 /* Persistence.swift */; };
		C3468B302BBCAAEF0032D1D4 /* ModulariOSLernApp_Projektarbeit.xcdatamodeld in Sources */ = {isa = PBXBuildFile; fileRef = C3468B2E2BBCAAEF0032D1D4 /* ModulariOSLernApp_Projektarbeit.xcdatamodeld */; };
		C3468B3A2BBCAAEF0032D1D4 /* ModulariOSLernApp_ProjektarbeitTests.swift in Sources */ = {isa = PBXBuildFile; fileRef = C3468B392BBCAAEF0032D1D4 /* ModulariOSLernApp_ProjektarbeitTests.swift */; };
		C3468B442BBCAAEF0032D1D4 /* ModulariOSLernApp_ProjektarbeitUITests.swift in Sources */ = {isa = PBXBuildFile; fileRef = C3468B432BBCAAEF0032D1D4 /* ModulariOSLernApp_ProjektarbeitUITests.swift */; };
		C3468B462BBCAAEF0032D1D4 /* ModulariOSLernApp_ProjektarbeitUITestsLaunchTests.swift in Sources */ = {isa = PBXBuildFile; fileRef = C3468B452BBCAAEF0032D1D4 /* ModulariOSLernApp_ProjektarbeitUITestsLaunchTests.swift */; };
/* End PBXBuildFile section */

/* Begin PBXContainerItemProxy section */
		C3468B362BBCAAEF0032D1D4 /* PBXContainerItemProxy */ = {
			isa = PBXContainerItemProxy;
			containerPortal = C3468B182BBCAAEE0032D1D4 /* Project object */;
			proxyType = 1;
			remoteGlobalIDString = C3468B1F2BBCAAEE0032D1D4;
			remoteInfo = "ModulariOSLernApp-Projektarbeit";
		};
		C3468B402BBCAAEF0032D1D4 /* PBXContainerItemProxy */ = {
			isa = PBXContainerItemProxy;
			containerPortal = C3468B182BBCAAEE0032D1D4 /* Project object */;
			proxyType = 1;
			remoteGlobalIDString = C3468B1F2BBCAAEE0032D1D4;
			remoteInfo = "ModulariOSLernApp-Projektarbeit";
		};
/* End PBXContainerItemProxy section */

/* Begin PBXFileReference section */
		C3468B202BBCAAEE0032D1D4 /* ModulariOSLernApp-Projektarbeit.app */ = {isa = PBXFileReference; explicitFileType = wrapper.application; includeInIndex = 0; path = "ModulariOSLernApp-Projektarbeit.app"; sourceTree = BUILT_PRODUCTS_DIR; };
		C3468B232BBCAAEE0032D1D4 /* ModulariOSLernApp_ProjektarbeitApp.swift */ = {isa = PBXFileReference; lastKnownFileType = sourcecode.swift; path = ModulariOSLernApp_ProjektarbeitApp.swift; sourceTree = "<group>"; };
		C3468B252BBCAAEE0032D1D4 /* ContentView.swift */ = {isa = PBXFileReference; lastKnownFileType = sourcecode.swift; path = ContentView.swift; sourceTree = "<group>"; };
		C3468B272BBCAAEF0032D1D4 /* Assets.xcassets */ = {isa = PBXFileReference; lastKnownFileType = folder.assetcatalog; path = Assets.xcassets; sourceTree = "<group>"; };
		C3468B2A2BBCAAEF0032D1D4 /* Preview Assets.xcassets */ = {isa = PBXFileReference; lastKnownFileType = folder.assetcatalog; path = "Preview Assets.xcassets"; sourceTree = "<group>"; };
		C3468B2C2BBCAAEF0032D1D4 /* Persistence.swift */ = {isa = PBXFileReference; lastKnownFileType = sourcecode.swift; path = Persistence.swift; sourceTree = "<group>"; };
		C3468B2F2BBCAAEF0032D1D4 /* ModulariOSLernApp_Projektarbeit.xcdatamodel */ = {isa = PBXFileReference; lastKnownFileType = wrapper.xcdatamodel; path = ModulariOSLernApp_Projektarbeit.xcdatamodel; sourceTree = "<group>"; };
		C3468B352BBCAAEF0032D1D4 /* ModulariOSLernApp-ProjektarbeitTests.xctest */ = {isa = PBXFileReference; explicitFileType = wrapper.cfbundle; includeInIndex = 0; path = "ModulariOSLernApp-ProjektarbeitTests.xctest"; sourceTree = BUILT_PRODUCTS_DIR; };
		C3468B392BBCAAEF0032D1D4 /* ModulariOSLernApp_ProjektarbeitTests.swift */ = {isa = PBXFileReference; lastKnownFileType = sourcecode.swift; path = ModulariOSLernApp_ProjektarbeitTests.swift; sourceTree = "<group>"; };
		C3468B3F2BBCAAEF0032D1D4 /* ModulariOSLernApp-ProjektarbeitUITests.xctest */ = {isa = PBXFileReference; explicitFileType = wrapper.cfbundle; includeInIndex = 0; path = "ModulariOSLernApp-ProjektarbeitUITests.xctest"; sourceTree = BUILT_PRODUCTS_DIR; };
		C3468B432BBCAAEF0032D1D4 /* ModulariOSLernApp_ProjektarbeitUITests.swift */ = {isa = PBXFileReference; lastKnownFileType = sourcecode.swift; path = ModulariOSLernApp_ProjektarbeitUITests.swift; sourceTree = "<group>"; };
		C3468B452BBCAAEF0032D1D4 /* ModulariOSLernApp_ProjektarbeitUITestsLaunchTests.swift */ = {isa = PBXFileReference; lastKnownFileType = sourcecode.swift; path = ModulariOSLernApp_ProjektarbeitUITestsLaunchTests.swift; sourceTree = "<group>"; };
/* End PBXFileReference section */

/* Begin PBXFrameworksBuildPhase section */
		C3468B1D2BBCAAEE0032D1D4 /* Frameworks */ = {
			isa = PBXFrameworksBuildPhase;
			buildActionMask = 2147483647;
			files = (
			);
			runOnlyForDeploymentPostprocessing = 0;
		};
		C3468B322BBCAAEF0032D1D4 /* Frameworks */ = {
			isa = PBXFrameworksBuildPhase;
			buildActionMask = 2147483647;
			files = (
			);
			runOnlyForDeploymentPostprocessing = 0;
		};
		C3468B3C2BBCAAEF0032D1D4 /* Frameworks */ = {
			isa = PBXFrameworksBuildPhase;
			buildActionMask = 2147483647;
			files = (
			);
			runOnlyForDeploymentPostprocessing = 0;
		};
/* End PBXFrameworksBuildPhase section */

/* Begin PBXGroup section */
		C3468B172BBCAAEE0032D1D4 = {
			isa = PBXGroup;
			children = (
				C3468B222BBCAAEE0032D1D4 /* ModulariOSLernApp-Projektarbeit */,
				C3468B382BBCAAEF0032D1D4 /* ModulariOSLernApp-ProjektarbeitTests */,
				C3468B422BBCAAEF0032D1D4 /* ModulariOSLernApp-ProjektarbeitUITests */,
				C3468B212BBCAAEE0032D1D4 /* Products */,
			);
			sourceTree = "<group>";
		};
		C3468B212BBCAAEE0032D1D4 /* Products */ = {
			isa = PBXGroup;
			children = (
				C3468B202BBCAAEE0032D1D4 /* ModulariOSLernApp-Projektarbeit.app */,
				C3468B352BBCAAEF0032D1D4 /* ModulariOSLernApp-ProjektarbeitTests.xctest */,
				C3468B3F2BBCAAEF0032D1D4 /* ModulariOSLernApp-ProjektarbeitUITests.xctest */,
			);
			name = Products;
			sourceTree = "<group>";
		};
		C3468B222BBCAAEE0032D1D4 /* ModulariOSLernApp-Projektarbeit */ = {
			isa = PBXGroup;
			children = (
				C3468B232BBCAAEE0032D1D4 /* ModulariOSLernApp_ProjektarbeitApp.swift */,
				C3468B252BBCAAEE0032D1D4 /* ContentView.swift */,
				C3468B272BBCAAEF0032D1D4 /* Assets.xcassets */,
				C3468B2C2BBCAAEF0032D1D4 /* Persistence.swift */,
				C3468B2E2BBCAAEF0032D1D4 /* ModulariOSLernApp_Projektarbeit.xcdatamodeld */,
				C3468B292BBCAAEF0032D1D4 /* Preview Content */,
			);
			path = "ModulariOSLernApp-Projektarbeit";
			sourceTree = "<group>";
		};
		C3468B292BBCAAEF0032D1D4 /* Preview Content */ = {
			isa = PBXGroup;
			children = (
				C3468B2A2BBCAAEF0032D1D4 /* Preview Assets.xcassets */,
			);
			path = "Preview Content";
			sourceTree = "<group>";
		};
		C3468B382BBCAAEF0032D1D4 /* ModulariOSLernApp-ProjektarbeitTests */ = {
			isa = PBXGroup;
			children = (
				C3468B392BBCAAEF0032D1D4 /* ModulariOSLernApp_ProjektarbeitTests.swift */,
			);
			path = "ModulariOSLernApp-ProjektarbeitTests";
			sourceTree = "<group>";
		};
		C3468B422BBCAAEF0032D1D4 /* ModulariOSLernApp-ProjektarbeitUITests */ = {
			isa = PBXGroup;
			children = (
				C3468B432BBCAAEF0032D1D4 /* ModulariOSLernApp_ProjektarbeitUITests.swift */,
				C3468B452BBCAAEF0032D1D4 /* ModulariOSLernApp_ProjektarbeitUITestsLaunchTests.swift */,
			);
			path = "ModulariOSLernApp-ProjektarbeitUITests";
			sourceTree = "<group>";
		};
/* End PBXGroup section */

/* Begin PBXNativeTarget section */
		C3468B1F2BBCAAEE0032D1D4 /* ModulariOSLernApp-Projektarbeit */ = {
			isa = PBXNativeTarget;
			buildConfigurationList = C3468B492BBCAAEF0032D1D4 /* Build configuration list for PBXNativeTarget "ModulariOSLernApp-Projektarbeit" */;
			buildPhases = (
				C3468B1C2BBCAAEE0032D1D4 /* Sources */,
				C3468B1D2BBCAAEE0032D1D4 /* Frameworks */,
				C3468B1E2BBCAAEE0032D1D4 /* Resources */,
			);
			buildRules = (
			);
			dependencies = (
			);
			name = "ModulariOSLernApp-Projektarbeit";
			productName = "ModulariOSLernApp-Projektarbeit";
			productReference = C3468B202BBCAAEE0032D1D4 /* ModulariOSLernApp-Projektarbeit.app */;
			productType = "com.apple.product-type.application";
		};
		C3468B342BBCAAEF0032D1D4 /* ModulariOSLernApp-ProjektarbeitTests */ = {
			isa = PBXNativeTarget;
			buildConfigurationList = C3468B4C2BBCAAEF0032D1D4 /* Build configuration list for PBXNativeTarget "ModulariOSLernApp-ProjektarbeitTests" */;
			buildPhases = (
				C3468B312BBCAAEF0032D1D4 /* Sources */,
				C3468B322BBCAAEF0032D1D4 /* Frameworks */,
				C3468B332BBCAAEF0032D1D4 /* Resources */,
			);
			buildRules = (
			);
			dependencies = (
				C3468B372BBCAAEF0032D1D4 /* PBXTargetDependency */,
			);
			name = "ModulariOSLernApp-ProjektarbeitTests";
			productName = "ModulariOSLernApp-ProjektarbeitTests";
			productReference = C3468B352BBCAAEF0032D1D4 /* ModulariOSLernApp-ProjektarbeitTests.xctest */;
			productType = "com.apple.product-type.bundle.unit-test";
		};
		C3468B3E2BBCAAEF0032D1D4 /* ModulariOSLernApp-ProjektarbeitUITests */ = {
			isa = PBXNativeTarget;
			buildConfigurationList = C3468B4F2BBCAAEF0032D1D4 /* Build configuration list for PBXNativeTarget "ModulariOSLernApp-ProjektarbeitUITests" */;
			buildPhases = (
				C3468B3B2BBCAAEF0032D1D4 /* Sources */,
				C3468B3C2BBCAAEF0032D1D4 /* Frameworks */,
				C3468B3D2BBCAAEF0032D1D4 /* Resources */,
			);
			buildRules = (
			);
			dependencies = (
				C3468B412BBCAAEF0032D1D4 /* PBXTargetDependency */,
			);
			name = "ModulariOSLernApp-ProjektarbeitUITests";
			productName = "ModulariOSLernApp-ProjektarbeitUITests";
			productReference = C3468B3F2BBCAAEF0032D1D4 /* ModulariOSLernApp-ProjektarbeitUITests.xctest */;
			productType = "com.apple.product-type.bundle.ui-testing";
		};
/* End PBXNativeTarget section */

/* Begin PBXProject section */
		C3468B182BBCAAEE0032D1D4 /* Project object */ = {
			isa = PBXProject;
			attributes = {
				BuildIndependentTargetsInParallel = 1;
				LastSwiftUpdateCheck = 1530;
				LastUpgradeCheck = 1530;
				TargetAttributes = {
					C3468B1F2BBCAAEE0032D1D4 = {
						CreatedOnToolsVersion = 15.3;
					};
					C3468B342BBCAAEF0032D1D4 = {
						CreatedOnToolsVersion = 15.3;
						TestTargetID = C3468B1F2BBCAAEE0032D1D4;
					};
					C3468B3E2BBCAAEF0032D1D4 = {
						CreatedOnToolsVersion = 15.3;
						TestTargetID = C3468B1F2BBCAAEE0032D1D4;
					};
				};
			};
			buildConfigurationList = C3468B1B2BBCAAEE0032D1D4 /* Build configuration list for PBXProject "ModulariOSLernApp-Projektarbeit" */;
			compatibilityVersion = "Xcode 14.0";
			developmentRegion = en;
			hasScannedForEncodings = 0;
			knownRegions = (
				en,
				Base,
			);
			mainGroup = C3468B172BBCAAEE0032D1D4;
			productRefGroup = C3468B212BBCAAEE0032D1D4 /* Products */;
			projectDirPath = "";
			projectRoot = "";
			targets = (
				C3468B1F2BBCAAEE0032D1D4 /* ModulariOSLernApp-Projektarbeit */,
				C3468B342BBCAAEF0032D1D4 /* ModulariOSLernApp-ProjektarbeitTests */,
				C3468B3E2BBCAAEF0032D1D4 /* ModulariOSLernApp-ProjektarbeitUITests */,
			);
		};
/* End PBXProject section */

/* Begin PBXResourcesBuildPhase section */
		C3468B1E2BBCAAEE0032D1D4 /* Resources */ = {
			isa = PBXResourcesBuildPhase;
			buildActionMask = 2147483647;
			files = (
				C3468B2B2BBCAAEF0032D1D4 /* Preview Assets.xcassets in Resources */,
				C3468B282BBCAAEF0032D1D4 /* Assets.xcassets in Resources */,
			);
			runOnlyForDeploymentPostprocessing = 0;
		};
		C3468B332BBCAAEF0032D1D4 /* Resources */ = {
			isa = PBXResourcesBuildPhase;
			buildActionMask = 2147483647;
			files = (
			);
			runOnlyForDeploymentPostprocessing = 0;
		};
		C3468B3D2BBCAAEF0032D1D4 /* Resources */ = {
			isa = PBXResourcesBuildPhase;
			buildActionMask = 2147483647;
			files = (
			);
			runOnlyForDeploymentPostprocessing = 0;
		};
/* End PBXResourcesBuildPhase section */

/* Begin PBXSourcesBuildPhase section */
		C3468B1C2BBCAAEE0032D1D4 /* Sources */ = {
			isa = PBXSourcesBuildPhase;
			buildActionMask = 2147483647;
			files = (
				C3468B2D2BBCAAEF0032D1D4 /* Persistence.swift in Sources */,
				C3468B262BBCAAEE0032D1D4 /* ContentView.swift in Sources */,
				C3468B302BBCAAEF0032D1D4 /* ModulariOSLernApp_Projektarbeit.xcdatamodeld in Sources */,
				C3468B242BBCAAEE0032D1D4 /* ModulariOSLernApp_ProjektarbeitApp.swift in Sources */,
			);
			runOnlyForDeploymentPostprocessing = 0;
		};
		C3468B312BBCAAEF0032D1D4 /* Sources */ = {
			isa = PBXSourcesBuildPhase;
			buildActionMask = 2147483647;
			files = (
				C3468B3A2BBCAAEF0032D1D4 /* ModulariOSLernApp_ProjektarbeitTests.swift in Sources */,
			);
			runOnlyForDeploymentPostprocessing = 0;
		};
		C3468B3B2BBCAAEF0032D1D4 /* Sources */ = {
			isa = PBXSourcesBuildPhase;
			buildActionMask = 2147483647;
			files = (
				C3468B442BBCAAEF0032D1D4 /* ModulariOSLernApp_ProjektarbeitUITests.swift in Sources */,
				C3468B462BBCAAEF0032D1D4 /* ModulariOSLernApp_ProjektarbeitUITestsLaunchTests.swift in Sources */,
			);
			runOnlyForDeploymentPostprocessing = 0;
		};
/* End PBXSourcesBuildPhase section */

/* Begin PBXTargetDependency section */
		C3468B372BBCAAEF0032D1D4 /* PBXTargetDependency */ = {
			isa = PBXTargetDependency;
			target = C3468B1F2BBCAAEE0032D1D4 /* ModulariOSLernApp-Projektarbeit */;
			targetProxy = C3468B362BBCAAEF0032D1D4 /* PBXContainerItemProxy */;
		};
		C3468B412BBCAAEF0032D1D4 /* PBXTargetDependency */ = {
			isa = PBXTargetDependency;
			target = C3468B1F2BBCAAEE0032D1D4 /* ModulariOSLernApp-Projektarbeit */;
			targetProxy = C3468B402BBCAAEF0032D1D4 /* PBXContainerItemProxy */;
		};
/* End PBXTargetDependency section */

/* Begin XCBuildConfiguration section */
		C3468B472BBCAAEF0032D1D4 /* Debug */ = {
			isa = XCBuildConfiguration;
			buildSettings = {
				ALWAYS_SEARCH_USER_PATHS = NO;
				ASSETCATALOG_COMPILER_GENERATE_SWIFT_ASSET_SYMBOL_EXTENSIONS = YES;
				CLANG_ANALYZER_NONNULL = YES;
				CLANG_ANALYZER_NUMBER_OBJECT_CONVERSION = YES_AGGRESSIVE;
				CLANG_CXX_LANGUAGE_STANDARD = "gnu++20";
				CLANG_ENABLE_MODULES = YES;
				CLANG_ENABLE_OBJC_ARC = YES;
				CLANG_ENABLE_OBJC_WEAK = YES;
				CLANG_WARN_BLOCK_CAPTURE_AUTORELEASING = YES;
				CLANG_WARN_BOOL_CONVERSION = YES;
				CLANG_WARN_COMMA = YES;
				CLANG_WARN_CONSTANT_CONVERSION = YES;
				CLANG_WARN_DEPRECATED_OBJC_IMPLEMENTATIONS = YES;
				CLANG_WARN_DIRECT_OBJC_ISA_USAGE = YES_ERROR;
				CLANG_WARN_DOCUMENTATION_COMMENTS = YES;
				CLANG_WARN_EMPTY_BODY = YES;
				CLANG_WARN_ENUM_CONVERSION = YES;
				CLANG_WARN_INFINITE_RECURSION = YES;
				CLANG_WARN_INT_CONVERSION = YES;
				CLANG_WARN_NON_LITERAL_NULL_CONVERSION = YES;
				CLANG_WARN_OBJC_IMPLICIT_RETAIN_SELF = YES;
				CLANG_WARN_OBJC_LITERAL_CONVERSION = YES;
				CLANG_WARN_OBJC_ROOT_CLASS = YES_ERROR;
				CLANG_WARN_QUOTED_INCLUDE_IN_FRAMEWORK_HEADER = YES;
				CLANG_WARN_RANGE_LOOP_ANALYSIS = YES;
				CLANG_WARN_STRICT_PROTOTYPES = YES;
				CLANG_WARN_SUSPICIOUS_MOVE = YES;
				CLANG_WARN_UNGUARDED_AVAILABILITY = YES_AGGRESSIVE;
				CLANG_WARN_UNREACHABLE_CODE = YES;
				CLANG_WARN__DUPLICATE_METHOD_MATCH = YES;
				COPY_PHASE_STRIP = NO;
				DEBUG_INFORMATION_FORMAT = dwarf;
				ENABLE_STRICT_OBJC_MSGSEND = YES;
				ENABLE_TESTABILITY = YES;
				ENABLE_USER_SCRIPT_SANDBOXING = YES;
				GCC_C_LANGUAGE_STANDARD = gnu17;
				GCC_DYNAMIC_NO_PIC = NO;
				GCC_NO_COMMON_BLOCKS = YES;
				GCC_OPTIMIZATION_LEVEL = 0;
				GCC_PREPROCESSOR_DEFINITIONS = (
					"DEBUG=1",
					"$(inherited)",
				);
				GCC_WARN_64_TO_32_BIT_CONVERSION = YES;
				GCC_WARN_ABOUT_RETURN_TYPE = YES_ERROR;
				GCC_WARN_UNDECLARED_SELECTOR = YES;
				GCC_WARN_UNINITIALIZED_AUTOS = YES_AGGRESSIVE;
				GCC_WARN_UNUSED_FUNCTION = YES;
				GCC_WARN_UNUSED_VARIABLE = YES;
				IPHONEOS_DEPLOYMENT_TARGET = 17.4;
				LOCALIZATION_PREFERS_STRING_CATALOGS = YES;
				MTL_ENABLE_DEBUG_INFO = INCLUDE_SOURCE;
				MTL_FAST_MATH = YES;
				ONLY_ACTIVE_ARCH = YES;
				SDKROOT = iphoneos;
				SWIFT_ACTIVE_COMPILATION_CONDITIONS = "DEBUG $(inherited)";
				SWIFT_OPTIMIZATION_LEVEL = "-Onone";
			};
			name = Debug;
		};
		C3468B482BBCAAEF0032D1D4 /* Release */ = {
			isa = XCBuildConfiguration;
			buildSettings = {
				ALWAYS_SEARCH_USER_PATHS = NO;
				ASSETCATALOG_COMPILER_GENERATE_SWIFT_ASSET_SYMBOL_EXTENSIONS = YES;
				CLANG_ANALYZER_NONNULL = YES;
				CLANG_ANALYZER_NUMBER_OBJECT_CONVERSION = YES_AGGRESSIVE;
				CLANG_CXX_LANGUAGE_STANDARD = "gnu++20";
				CLANG_ENABLE_MODULES = YES;
				CLANG_ENABLE_OBJC_ARC = YES;
				CLANG_ENABLE_OBJC_WEAK = YES;
				CLANG_WARN_BLOCK_CAPTURE_AUTORELEASING = YES;
				CLANG_WARN_BOOL_CONVERSION = YES;
				CLANG_WARN_COMMA = YES;
				CLANG_WARN_CONSTANT_CONVERSION = YES;
				CLANG_WARN_DEPRECATED_OBJC_IMPLEMENTATIONS = YES;
				CLANG_WARN_DIRECT_OBJC_ISA_USAGE = YES_ERROR;
				CLANG_WARN_DOCUMENTATION_COMMENTS = YES;
				CLANG_WARN_EMPTY_BODY = YES;
				CLANG_WARN_ENUM_CONVERSION = YES;
				CLANG_WARN_INFINITE_RECURSION = YES;
				CLANG_WARN_INT_CONVERSION = YES;
				CLANG_WARN_NON_LITERAL_NULL_CONVERSION = YES;
				CLANG_WARN_OBJC_IMPLICIT_RETAIN_SELF = YES;
				CLANG_WARN_OBJC_LITERAL_CONVERSION = YES;
				CLANG_WARN_OBJC_ROOT_CLASS = YES_ERROR;
				CLANG_WARN_QUOTED_INCLUDE_IN_FRAMEWORK_HEADER = YES;
				CLANG_WARN_RANGE_LOOP_ANALYSIS = YES;
				CLANG_WARN_STRICT_PROTOTYPES = YES;
				CLANG_WARN_SUSPICIOUS_MOVE = YES;
				CLANG_WARN_UNGUARDED_AVAILABILITY = YES_AGGRESSIVE;
				CLANG_WARN_UNREACHABLE_CODE = YES;
				CLANG_WARN__DUPLICATE_METHOD_MATCH = YES;
				COPY_PHASE_STRIP = NO;
				DEBUG_INFORMATION_FORMAT = "dwarf-with-dsym";
				ENABLE_NS_ASSERTIONS = NO;
				ENABLE_STRICT_OBJC_MSGSEND = YES;
				ENABLE_USER_SCRIPT_SANDBOXING = YES;
				GCC_C_LANGUAGE_STANDARD = gnu17;
				GCC_NO_COMMON_BLOCKS = YES;
				GCC_WARN_64_TO_32_BIT_CONVERSION = YES;
				GCC_WARN_ABOUT_RETURN_TYPE = YES_ERROR;
				GCC_WARN_UNDECLARED_SELECTOR = YES;
				GCC_WARN_UNINITIALIZED_AUTOS = YES_AGGRESSIVE;
				GCC_WARN_UNUSED_FUNCTION = YES;
				GCC_WARN_UNUSED_VARIABLE = YES;
				IPHONEOS_DEPLOYMENT_TARGET = 17.4;
				LOCALIZATION_PREFERS_STRING_CATALOGS = YES;
				MTL_ENABLE_DEBUG_INFO = NO;
				MTL_FAST_MATH = YES;
				SDKROOT = iphoneos;
				SWIFT_COMPILATION_MODE = wholemodule;
				VALIDATE_PRODUCT = YES;
			};
			name = Release;
		};
		C3468B4A2BBCAAEF0032D1D4 /* Debug */ = {
			isa = XCBuildConfiguration;
			buildSettings = {
				ASSETCATALOG_COMPILER_APPICON_NAME = AppIcon;
				ASSETCATALOG_COMPILER_GLOBAL_ACCENT_COLOR_NAME = AccentColor;
				CODE_SIGN_STYLE = Automatic;
				CURRENT_PROJECT_VERSION = 1;
				DEVELOPMENT_ASSET_PATHS = "\"ModulariOSLernApp-Projektarbeit/Preview Content\"";
				DEVELOPMENT_TEAM = H32DUB5NQD;
				ENABLE_PREVIEWS = YES;
				GENERATE_INFOPLIST_FILE = YES;
				INFOPLIST_KEY_UIApplicationSceneManifest_Generation = YES;
				INFOPLIST_KEY_UIApplicationSupportsIndirectInputEvents = YES;
				INFOPLIST_KEY_UILaunchScreen_Generation = YES;
				INFOPLIST_KEY_UISupportedInterfaceOrientations_iPad = "UIInterfaceOrientationPortrait UIInterfaceOrientationPortraitUpsideDown UIInterfaceOrientationLandscapeLeft UIInterfaceOrientationLandscapeRight";
				INFOPLIST_KEY_UISupportedInterfaceOrientations_iPhone = "UIInterfaceOrientationPortrait UIInterfaceOrientationLandscapeLeft UIInterfaceOrientationLandscapeRight";
				LD_RUNPATH_SEARCH_PATHS = (
					"$(inherited)",
					"@executable_path/Frameworks",
				);
				MARKETING_VERSION = 1.0;
				PRODUCT_BUNDLE_IDENTIFIER = "com.leonchamoun.ModulariOSLernApp-Projektarbeit";
				PRODUCT_NAME = "$(TARGET_NAME)";
				SWIFT_EMIT_LOC_STRINGS = YES;
				SWIFT_VERSION = 5.0;
				TARGETED_DEVICE_FAMILY = "1,2";
			};
			name = Debug;
		};
		C3468B4B2BBCAAEF0032D1D4 /* Release */ = {
			isa = XCBuildConfiguration;
			buildSettings = {
				ASSETCATALOG_COMPILER_APPICON_NAME = AppIcon;
				ASSETCATALOG_COMPILER_GLOBAL_ACCENT_COLOR_NAME = AccentColor;
				CODE_SIGN_STYLE = Automatic;
				CURRENT_PROJECT_VERSION = 1;
				DEVELOPMENT_ASSET_PATHS = "\"ModulariOSLernApp-Projektarbeit/Preview Content\"";
				DEVELOPMENT_TEAM = H32DUB5NQD;
				ENABLE_PREVIEWS = YES;
				GENERATE_INFOPLIST_FILE = YES;
				INFOPLIST_KEY_UIApplicationSceneManifest_Generation = YES;
				INFOPLIST_KEY_UIApplicationSupportsIndirectInputEvents = YES;
				INFOPLIST_KEY_UILaunchScreen_Generation = YES;
				INFOPLIST_KEY_UISupportedInterfaceOrientations_iPad = "UIInterfaceOrientationPortrait UIInterfaceOrientationPortraitUpsideDown UIInterfaceOrientationLandscapeLeft UIInterfaceOrientationLandscapeRight";
				INFOPLIST_KEY_UISupportedInterfaceOrientations_iPhone = "UIInterfaceOrientationPortrait UIInterfaceOrientationLandscapeLeft UIInterfaceOrientationLandscapeRight";
				LD_RUNPATH_SEARCH_PATHS = (
					"$(inherited)",
					"@executable_path/Frameworks",
				);
				MARKETING_VERSION = 1.0;
				PRODUCT_BUNDLE_IDENTIFIER = "com.leonchamoun.ModulariOSLernApp-Projektarbeit";
				PRODUCT_NAME = "$(TARGET_NAME)";
				SWIFT_EMIT_LOC_STRINGS = YES;
				SWIFT_VERSION = 5.0;
				TARGETED_DEVICE_FAMILY = "1,2";
			};
			name = Release;
		};
		C3468B4D2BBCAAEF0032D1D4 /* Debug */ = {
			isa = XCBuildConfiguration;
			buildSettings = {
				ALWAYS_EMBED_SWIFT_STANDARD_LIBRARIES = YES;
				BUNDLE_LOADER = "$(TEST_HOST)";
				CODE_SIGN_STYLE = Automatic;
				CURRENT_PROJECT_VERSION = 1;
				DEVELOPMENT_TEAM = H32DUB5NQD;
				GENERATE_INFOPLIST_FILE = YES;
				IPHONEOS_DEPLOYMENT_TARGET = 17.4;
				MARKETING_VERSION = 1.0;
				PRODUCT_BUNDLE_IDENTIFIER = "com.leonchamoun.ModulariOSLernApp-ProjektarbeitTests";
				PRODUCT_NAME = "$(TARGET_NAME)";
				SWIFT_EMIT_LOC_STRINGS = NO;
				SWIFT_VERSION = 5.0;
				TARGETED_DEVICE_FAMILY = "1,2";
				TEST_HOST = "$(BUILT_PRODUCTS_DIR)/ModulariOSLernApp-Projektarbeit.app/$(BUNDLE_EXECUTABLE_FOLDER_PATH)/ModulariOSLernApp-Projektarbeit";
			};
			name = Debug;
		};
		C3468B4E2BBCAAEF0032D1D4 /* Release */ = {
			isa = XCBuildConfiguration;
			buildSettings = {
				ALWAYS_EMBED_SWIFT_STANDARD_LIBRARIES = YES;
				BUNDLE_LOADER = "$(TEST_HOST)";
				CODE_SIGN_STYLE = Automatic;
				CURRENT_PROJECT_VERSION = 1;
				DEVELOPMENT_TEAM = H32DUB5NQD;
				GENERATE_INFOPLIST_FILE = YES;
				IPHONEOS_DEPLOYMENT_TARGET = 17.4;
				MARKETING_VERSION = 1.0;
				PRODUCT_BUNDLE_IDENTIFIER = "com.leonchamoun.ModulariOSLernApp-ProjektarbeitTests";
				PRODUCT_NAME = "$(TARGET_NAME)";
				SWIFT_EMIT_LOC_STRINGS = NO;
				SWIFT_VERSION = 5.0;
				TARGETED_DEVICE_FAMILY = "1,2";
				TEST_HOST = "$(BUILT_PRODUCTS_DIR)/ModulariOSLernApp-Projektarbeit.app/$(BUNDLE_EXECUTABLE_FOLDER_PATH)/ModulariOSLernApp-Projektarbeit";
			};
			name = Release;
		};
		C3468B502BBCAAEF0032D1D4 /* Debug */ = {
			isa = XCBuildConfiguration;
			buildSettings = {
				ALWAYS_EMBED_SWIFT_STANDARD_LIBRARIES = YES;
				CODE_SIGN_STYLE = Automatic;
				CURRENT_PROJECT_VERSION = 1;
				DEVELOPMENT_TEAM = H32DUB5NQD;
				GENERATE_INFOPLIST_FILE = YES;
				MARKETING_VERSION = 1.0;
				PRODUCT_BUNDLE_IDENTIFIER = "com.leonchamoun.ModulariOSLernApp-ProjektarbeitUITests";
				PRODUCT_NAME = "$(TARGET_NAME)";
				SWIFT_EMIT_LOC_STRINGS = NO;
				SWIFT_VERSION = 5.0;
				TARGETED_DEVICE_FAMILY = "1,2";
				TEST_TARGET_NAME = "ModulariOSLernApp-Projektarbeit";
			};
			name = Debug;
		};
		C3468B512BBCAAEF0032D1D4 /* Release */ = {
			isa = XCBuildConfiguration;
			buildSettings = {
				ALWAYS_EMBED_SWIFT_STANDARD_LIBRARIES = YES;
				CODE_SIGN_STYLE = Automatic;
				CURRENT_PROJECT_VERSION = 1;
				DEVELOPMENT_TEAM = H32DUB5NQD;
				GENERATE_INFOPLIST_FILE = YES;
				MARKETING_VERSION = 1.0;
				PRODUCT_BUNDLE_IDENTIFIER = "com.leonchamoun.ModulariOSLernApp-ProjektarbeitUITests";
				PRODUCT_NAME = "$(TARGET_NAME)";
				SWIFT_EMIT_LOC_STRINGS = NO;
				SWIFT_VERSION = 5.0;
				TARGETED_DEVICE_FAMILY = "1,2";
				TEST_TARGET_NAME = "ModulariOSLernApp-Projektarbeit";
			};
			name = Release;
		};
/* End XCBuildConfiguration section */

/* Begin XCConfigurationList section */
		C3468B1B2BBCAAEE0032D1D4 /* Build configuration list for PBXProject "ModulariOSLernApp-Projektarbeit" */ = {
			isa = XCConfigurationList;
			buildConfigurations = (
				C3468B472BBCAAEF0032D1D4 /* Debug */,
				C3468B482BBCAAEF0032D1D4 /* Release */,
			);
			defaultConfigurationIsVisible = 0;
			defaultConfigurationName = Release;
		};
		C3468B492BBCAAEF0032D1D4 /* Build configuration list for PBXNativeTarget "ModulariOSLernApp-Projektarbeit" */ = {
			isa = XCConfigurationList;
			buildConfigurations = (
				C3468B4A2BBCAAEF0032D1D4 /* Debug */,
				C3468B4B2BBCAAEF0032D1D4 /* Release */,
			);
			defaultConfigurationIsVisible = 0;
			defaultConfigurationName = Release;
		};
		C3468B4C2BBCAAEF0032D1D4 /* Build configuration list for PBXNativeTarget "ModulariOSLernApp-ProjektarbeitTests" */ = {
			isa = XCConfigurationList;
			buildConfigurations = (
				C3468B4D2BBCAAEF0032D1D4 /* Debug */,
				C3468B4E2BBCAAEF0032D1D4 /* Release */,
			);
			defaultConfigurationIsVisible = 0;
			defaultConfigurationName = Release;
		};
		C3468B4F2BBCAAEF0032D1D4 /* Build configuration list for PBXNativeTarget "ModulariOSLernApp-ProjektarbeitUITests" */ = {
			isa = XCConfigurationList;
			buildConfigurations = (
				C3468B502BBCAAEF0032D1D4 /* Debug */,
				C3468B512BBCAAEF0032D1D4 /* Release */,
			);
			defaultConfigurationIsVisible = 0;
			defaultConfigurationName = Release;
		};
/* End XCConfigurationList section */

/* Begin XCVersionGroup section */
		C3468B2E2BBCAAEF0032D1D4 /* ModulariOSLernApp_Projektarbeit.xcdatamodeld */ = {
			isa = XCVersionGroup;
			children = (
				C3468B2F2BBCAAEF0032D1D4 /* ModulariOSLernApp_Projektarbeit.xcdatamodel */,
			);
			currentVersion = C3468B2F2BBCAAEF0032D1D4 /* ModulariOSLernApp_Projektarbeit.xcdatamodel */;
			path = ModulariOSLernApp_Projektarbeit.xcdatamodeld;
			sourceTree = "<group>";
			versionGroupType = wrapper.xcdatamodel;
		};
/* End XCVersionGroup section */
	};
	rootObject = C3468B182BBCAAEE0032D1D4 /* Project object */;
}
